
Microsoft Visual Studio Solution File, Format Version 12.00
# Visual Studio Version 17
VisualStudioVersion = 17.6.33723.286
MinimumVisualStudioVersion = 10.0.40219.1
Project("{9A19103F-16F7-4668-BE54-9A1E7A4F7556}") = "EraseRescycleBin", "EraseRescycleBin.csproj", "{6C0FD8D4-0616-4044-AF4D-F7B390E6F2D4}"
EndProject
Global
	GlobalSection(SolutionConfigurationPlatforms) = preSolution
		Debug|Any CPU = Debug|Any CPU
		Release|Any CPU = Release|Any CPU
	EndGlobalSection
	GlobalSection(ProjectConfigurationPlatforms) = postSolution
		{6C0FD8D4-0616-4044-AF4D-F7B390E6F2D4}.Debug|Any CPU.ActiveCfg = Debug|Any CPU
		{6C0FD8D4-0616-4044-AF4D-F7B390E6F2D4}.Debug|Any CPU.Build.0 = Debug|Any CPU
		{6C0FD8D4-0616-4044-AF4D-F7B390E6F2D4}.Release|Any CPU.ActiveCfg = Release|Any CPU
		{6C0FD8D4-0616-4044-AF4D-F7B390E6F2D4}.Release|Any CPU.Build.0 = Release|Any CPU
	EndGlobalSection
	GlobalSection(SolutionProperties) = preSolution
		HideSolutionNode = FALSE
	EndGlobalSection
	GlobalSection(ExtensibilityGlobals) = postSolution
		SolutionGuid = {AF46D1D2-9078-43F6-9F80-6FF5176F6125}
	EndGlobalSection
EndGlobal
